
Microsoft Visual Studio Solution File, Format Version 12.00
# Visual Studio 15
VisualStudioVersion = 15.0.28307.271
MinimumVisualStudioVersion = 10.0.40219.1
Project("{FAE04EC0-301F-11D3-BF4B-00C04F79EFBC}") = "Threads", "Threads\Threads.csproj", "{203E0B4C-04F3-4391-844B-75568DDA8595}"
EndProject
Global
	GlobalSection(SolutionConfigurationPlatforms) = preSolution
		Debug|Any CPU = Debug|Any CPU
		Release|Any CPU = Release|Any CPU
	EndGlobalSection
	GlobalSection(ProjectConfigurationPlatforms) = postSolution
		{203E0B4C-04F3-4391-844B-75568DDA8595}.Debug|Any CPU.ActiveCfg = Debug|Any CPU
		{203E0B4C-04F3-4391-844B-75568DDA8595}.Debug|Any CPU.Build.0 = Debug|Any CPU
		{203E0B4C-04F3-4391-844B-75568DDA8595}.Release|Any CPU.ActiveCfg = Release|Any CPU
		{203E0B4C-04F3-4391-844B-75568DDA8595}.Release|Any CPU.Build.0 = Release|Any CPU
	EndGlobalSection
	GlobalSection(SolutionProperties) = preSolution
		HideSolutionNode = FALSE
	EndGlobalSection
	GlobalSection(ExtensibilityGlobals) = postSolution
		SolutionGuid = {F839B872-617B-4787-87FA-C041136B83FB}
	EndGlobalSection
EndGlobal
